
Microsoft Visual Studio Solution File, Format Version 12.00
Project("{FAE04EC0-301F-11D3-BF4B-00C04F79EFBC}") = "TaskA_Summator", "TaskA_Summator\TaskA_Summator.csproj", "{356FCAA4-92EF-4620-AE43-9804249D9278}"
EndProject
Project("{FAE04EC0-301F-11D3-BF4B-00C04F79EFBC}") = "TaskB_PaySum", "TaskB_PaySum\TaskB_PaySum.csproj", "{1CE31F00-B4A2-4E90-93AF-E0FB84AFB133}"
EndProject
Project("{FAE04EC0-301F-11D3-BF4B-00C04F79EFBC}") = "TaskC_TableSorting", "TaskC_TableSorting\TaskC_TableSorting.csproj", "{58E8EBB2-DFCC-4168-9398-31880C2C37BE}"
EndProject
Project("{FAE04EC0-301F-11D3-BF4B-00C04F79EFBC}") = "TaskD_LoginValidation", "TaskD_LoginValidation\TaskD_LoginValidation.csproj", "{B0BCDB28-62E8-4F13-BAEA-F90C49FD1403}"
EndProject
Project("{FAE04EC0-301F-11D3-BF4B-00C04F79EFBC}") = "TaskE_PhoneBook", "TaskE_PhoneBook\TaskE_PhoneBook.csproj", "{531F171E-1DAD-4E5E-B793-880665335D80}"
EndProject
Project("{FAE04EC0-301F-11D3-BF4B-00C04F79EFBC}") = "TaskF_TrainTicketManager", "TaskF_TrainTicketManager\TaskF_TrainTicketManager.csproj", "{E0941D82-3148-4F5B-BDD3-5FF37C1F8D4A}"
EndProject
Project("{FAE04EC0-301F-11D3-BF4B-00C04F79EFBC}") = "TaskG_ModuleBuilder", "TaskG_ModuleBuilder\TaskG_ModuleBuilder.csproj", "{A974EDB8-162C-471C-ADED-C4A354880B40}"
EndProject
Global
	GlobalSection(SolutionConfigurationPlatforms) = preSolution
		Debug|Any CPU = Debug|Any CPU
		Release|Any CPU = Release|Any CPU
	EndGlobalSection
	GlobalSection(ProjectConfigurationPlatforms) = postSolution
		{356FCAA4-92EF-4620-AE43-9804249D9278}.Debug|Any CPU.ActiveCfg = Debug|Any CPU
		{356FCAA4-92EF-4620-AE43-9804249D9278}.Debug|Any CPU.Build.0 = Debug|Any CPU
		{356FCAA4-92EF-4620-AE43-9804249D9278}.Release|Any CPU.ActiveCfg = Release|Any CPU
		{356FCAA4-92EF-4620-AE43-9804249D9278}.Release|Any CPU.Build.0 = Release|Any CPU
		{1CE31F00-B4A2-4E90-93AF-E0FB84AFB133}.Debug|Any CPU.ActiveCfg = Debug|Any CPU
		{1CE31F00-B4A2-4E90-93AF-E0FB84AFB133}.Debug|Any CPU.Build.0 = Debug|Any CPU
		{1CE31F00-B4A2-4E90-93AF-E0FB84AFB133}.Release|Any CPU.ActiveCfg = Release|Any CPU
		{1CE31F00-B4A2-4E90-93AF-E0FB84AFB133}.Release|Any CPU.Build.0 = Release|Any CPU
		{58E8EBB2-DFCC-4168-9398-31880C2C37BE}.Debug|Any CPU.ActiveCfg = Debug|Any CPU
		{58E8EBB2-DFCC-4168-9398-31880C2C37BE}.Debug|Any CPU.Build.0 = Debug|Any CPU
		{58E8EBB2-DFCC-4168-9398-31880C2C37BE}.Release|Any CPU.ActiveCfg = Release|Any CPU
		{58E8EBB2-DFCC-4168-9398-31880C2C37BE}.Release|Any CPU.Build.0 = Release|Any CPU
		{B0BCDB28-62E8-4F13-BAEA-F90C49FD1403}.Debug|Any CPU.ActiveCfg = Debug|Any CPU
		{B0BCDB28-62E8-4F13-BAEA-F90C49FD1403}.Debug|Any CPU.Build.0 = Debug|Any CPU
		{B0BCDB28-62E8-4F13-BAEA-F90C49FD1403}.Release|Any CPU.ActiveCfg = Release|Any CPU
		{B0BCDB28-62E8-4F13-BAEA-F90C49FD1403}.Release|Any CPU.Build.0 = Release|Any CPU
		{531F171E-1DAD-4E5E-B793-880665335D80}.Debug|Any CPU.ActiveCfg = Debug|Any CPU
		{531F171E-1DAD-4E5E-B793-880665335D80}.Debug|Any CPU.Build.0 = Debug|Any CPU
		{531F171E-1DAD-4E5E-B793-880665335D80}.Release|Any CPU.ActiveCfg = Release|Any CPU
		{531F171E-1DAD-4E5E-B793-880665335D80}.Release|Any CPU.Build.0 = Release|Any CPU
		{E0941D82-3148-4F5B-BDD3-5FF37C1F8D4A}.Debug|Any CPU.ActiveCfg = Debug|Any CPU
		{E0941D82-3148-4F5B-BDD3-5FF37C1F8D4A}.Debug|Any CPU.Build.0 = Debug|Any CPU
		{E0941D82-3148-4F5B-BDD3-5FF37C1F8D4A}.Release|Any CPU.ActiveCfg = Release|Any CPU
		{E0941D82-3148-4F5B-BDD3-5FF37C1F8D4A}.Release|Any CPU.Build.0 = Release|Any CPU
		{A974EDB8-162C-471C-ADED-C4A354880B40}.Debug|Any CPU.ActiveCfg = Debug|Any CPU
		{A974EDB8-162C-471C-ADED-C4A354880B40}.Debug|Any CPU.Build.0 = Debug|Any CPU
		{A974EDB8-162C-471C-ADED-C4A354880B40}.Release|Any CPU.ActiveCfg = Release|Any CPU
		{A974EDB8-162C-471C-ADED-C4A354880B40}.Release|Any CPU.Build.0 = Release|Any CPU
	EndGlobalSection
EndGlobal
